
Microsoft Visual Studio Solution File, Format Version 12.00
# Visual Studio Version 17
VisualStudioVersion = 17.0.31903.59
MinimumVisualStudioVersion = 10.0.40219.1
Project("{2150E333-8FDC-42A3-9474-1A3956D46DE8}") = "src", "src", "{8A510F42-D1ED-4AF2-A7A7-C0837BD20715}"
EndProject
Project("{FAE04EC0-301F-11D3-BF4B-00C04F79EFBC}") = "BooksService", "src\BooksService\BooksService.csproj", "{CBA6C09D-E778-47B7-864F-81EB75BD4C7F}"
EndProject
Project("{FAE04EC0-301F-11D3-BF4B-00C04F79EFBC}") = "CategoryService", "src\CategoryService\CategoryService.csproj", "{7EBF42B3-925F-4B01-A575-38ACFC735A83}"
EndProject
Project("{FAE04EC0-301F-11D3-BF4B-00C04F79EFBC}") = "AuthorService", "src\AuthorService\AuthorService.csproj", "{B98FD154-C1A4-4BF3-9C13-04EF17FD5FFD}"
EndProject
Project("{FAE04EC0-301F-11D3-BF4B-00C04F79EFBC}") = "IdentityService", "src\IdentityService\IdentityService.csproj", "{7433C389-D0A9-43C9-AC2D-96BEF9494C0C}"
EndProject
Project("{FAE04EC0-301F-11D3-BF4B-00C04F79EFBC}") = "OrderService", "src\OrderService\OrderService.csproj", "{8810605E-0F84-431B-BEC5-B3EC4F2773D2}"
EndProject
Project("{FAE04EC0-301F-11D3-BF4B-00C04F79EFBC}") = "AdminService", "src\AdminService\AdminService.csproj", "{14A1B895-42FB-4E67-9372-19BD70803F9C}"
EndProject
Project("{FAE04EC0-301F-11D3-BF4B-00C04F79EFBC}") = "ApiGateway", "src\ApiGateway\ApiGateway.csproj", "{EDADFF17-F66D-44D5-B3E8-AB26511853AE}"
EndProject
Global
	GlobalSection(SolutionConfigurationPlatforms) = preSolution
		Debug|Any CPU = Debug|Any CPU
		Release|Any CPU = Release|Any CPU
	EndGlobalSection
	GlobalSection(SolutionProperties) = preSolution
		HideSolutionNode = FALSE
	EndGlobalSection
	GlobalSection(ProjectConfigurationPlatforms) = postSolution
		{CBA6C09D-E778-47B7-864F-81EB75BD4C7F}.Debug|Any CPU.ActiveCfg = Debug|Any CPU
		{CBA6C09D-E778-47B7-864F-81EB75BD4C7F}.Debug|Any CPU.Build.0 = Debug|Any CPU
		{CBA6C09D-E778-47B7-864F-81EB75BD4C7F}.Release|Any CPU.ActiveCfg = Release|Any CPU
		{CBA6C09D-E778-47B7-864F-81EB75BD4C7F}.Release|Any CPU.Build.0 = Release|Any CPU
		{7EBF42B3-925F-4B01-A575-38ACFC735A83}.Debug|Any CPU.ActiveCfg = Debug|Any CPU
		{7EBF42B3-925F-4B01-A575-38ACFC735A83}.Debug|Any CPU.Build.0 = Debug|Any CPU
		{7EBF42B3-925F-4B01-A575-38ACFC735A83}.Release|Any CPU.ActiveCfg = Release|Any CPU
		{7EBF42B3-925F-4B01-A575-38ACFC735A83}.Release|Any CPU.Build.0 = Release|Any CPU
		{B98FD154-C1A4-4BF3-9C13-04EF17FD5FFD}.Debug|Any CPU.ActiveCfg = Debug|Any CPU
		{B98FD154-C1A4-4BF3-9C13-04EF17FD5FFD}.Debug|Any CPU.Build.0 = Debug|Any CPU
		{B98FD154-C1A4-4BF3-9C13-04EF17FD5FFD}.Release|Any CPU.ActiveCfg = Release|Any CPU
		{B98FD154-C1A4-4BF3-9C13-04EF17FD5FFD}.Release|Any CPU.Build.0 = Release|Any CPU
		{43494AEA-F4F2-431A-AB62-BAF3486F4D73}.Debug|Any CPU.ActiveCfg = Debug|Any CPU
		{43494AEA-F4F2-431A-AB62-BAF3486F4D73}.Debug|Any CPU.Build.0 = Debug|Any CPU
		{43494AEA-F4F2-431A-AB62-BAF3486F4D73}.Release|Any CPU.ActiveCfg = Release|Any CPU
		{43494AEA-F4F2-431A-AB62-BAF3486F4D73}.Release|Any CPU.Build.0 = Release|Any CPU
		{36E74AA7-138A-477E-9A13-6D1A02318FB3}.Debug|Any CPU.ActiveCfg = Debug|Any CPU
		{36E74AA7-138A-477E-9A13-6D1A02318FB3}.Debug|Any CPU.Build.0 = Debug|Any CPU
		{36E74AA7-138A-477E-9A13-6D1A02318FB3}.Release|Any CPU.ActiveCfg = Release|Any CPU
		{36E74AA7-138A-477E-9A13-6D1A02318FB3}.Release|Any CPU.Build.0 = Release|Any CPU
		{7433C389-D0A9-43C9-AC2D-96BEF9494C0C}.Debug|Any CPU.ActiveCfg = Debug|Any CPU
		{7433C389-D0A9-43C9-AC2D-96BEF9494C0C}.Debug|Any CPU.Build.0 = Debug|Any CPU
		{7433C389-D0A9-43C9-AC2D-96BEF9494C0C}.Release|Any CPU.ActiveCfg = Release|Any CPU
		{7433C389-D0A9-43C9-AC2D-96BEF9494C0C}.Release|Any CPU.Build.0 = Release|Any CPU
		{C1B6CEF5-21BA-40B4-8D3E-4CDC5ACBBCED}.Debug|Any CPU.ActiveCfg = Debug|Any CPU
		{C1B6CEF5-21BA-40B4-8D3E-4CDC5ACBBCED}.Debug|Any CPU.Build.0 = Debug|Any CPU
		{C1B6CEF5-21BA-40B4-8D3E-4CDC5ACBBCED}.Release|Any CPU.ActiveCfg = Release|Any CPU
		{C1B6CEF5-21BA-40B4-8D3E-4CDC5ACBBCED}.Release|Any CPU.Build.0 = Release|Any CPU
		{8810605E-0F84-431B-BEC5-B3EC4F2773D2}.Debug|Any CPU.ActiveCfg = Debug|Any CPU
		{8810605E-0F84-431B-BEC5-B3EC4F2773D2}.Debug|Any CPU.Build.0 = Debug|Any CPU
		{8810605E-0F84-431B-BEC5-B3EC4F2773D2}.Release|Any CPU.ActiveCfg = Release|Any CPU
		{8810605E-0F84-431B-BEC5-B3EC4F2773D2}.Release|Any CPU.Build.0 = Release|Any CPU
		{B7A10885-59C6-4389-86C0-2D2D0D99AE4C}.Debug|Any CPU.ActiveCfg = Debug|Any CPU
		{B7A10885-59C6-4389-86C0-2D2D0D99AE4C}.Debug|Any CPU.Build.0 = Debug|Any CPU
		{B7A10885-59C6-4389-86C0-2D2D0D99AE4C}.Release|Any CPU.ActiveCfg = Release|Any CPU
		{B7A10885-59C6-4389-86C0-2D2D0D99AE4C}.Release|Any CPU.Build.0 = Release|Any CPU
		{14A1B895-42FB-4E67-9372-19BD70803F9C}.Debug|Any CPU.ActiveCfg = Debug|Any CPU
		{14A1B895-42FB-4E67-9372-19BD70803F9C}.Debug|Any CPU.Build.0 = Debug|Any CPU
		{14A1B895-42FB-4E67-9372-19BD70803F9C}.Release|Any CPU.ActiveCfg = Release|Any CPU
		{14A1B895-42FB-4E67-9372-19BD70803F9C}.Release|Any CPU.Build.0 = Release|Any CPU
		{EDADFF17-F66D-44D5-B3E8-AB26511853AE}.Debug|Any CPU.ActiveCfg = Debug|Any CPU
		{EDADFF17-F66D-44D5-B3E8-AB26511853AE}.Debug|Any CPU.Build.0 = Debug|Any CPU
		{EDADFF17-F66D-44D5-B3E8-AB26511853AE}.Release|Any CPU.ActiveCfg = Release|Any CPU
		{EDADFF17-F66D-44D5-B3E8-AB26511853AE}.Release|Any CPU.Build.0 = Release|Any CPU
	EndGlobalSection
	GlobalSection(NestedProjects) = preSolution
		{CBA6C09D-E778-47B7-864F-81EB75BD4C7F} = {8A510F42-D1ED-4AF2-A7A7-C0837BD20715}
		{7EBF42B3-925F-4B01-A575-38ACFC735A83} = {8A510F42-D1ED-4AF2-A7A7-C0837BD20715}
		{B98FD154-C1A4-4BF3-9C13-04EF17FD5FFD} = {8A510F42-D1ED-4AF2-A7A7-C0837BD20715}
		{43494AEA-F4F2-431A-AB62-BAF3486F4D73} = {8A510F42-D1ED-4AF2-A7A7-C0837BD20715}
		{36E74AA7-138A-477E-9A13-6D1A02318FB3} = {8A510F42-D1ED-4AF2-A7A7-C0837BD20715}
		{7433C389-D0A9-43C9-AC2D-96BEF9494C0C} = {8A510F42-D1ED-4AF2-A7A7-C0837BD20715}
		{C1B6CEF5-21BA-40B4-8D3E-4CDC5ACBBCED} = {8A510F42-D1ED-4AF2-A7A7-C0837BD20715}
		{8810605E-0F84-431B-BEC5-B3EC4F2773D2} = {8A510F42-D1ED-4AF2-A7A7-C0837BD20715}
		{B7A10885-59C6-4389-86C0-2D2D0D99AE4C} = {8A510F42-D1ED-4AF2-A7A7-C0837BD20715}
		{14A1B895-42FB-4E67-9372-19BD70803F9C} = {8A510F42-D1ED-4AF2-A7A7-C0837BD20715}
		{EDADFF17-F66D-44D5-B3E8-AB26511853AE} = {8A510F42-D1ED-4AF2-A7A7-C0837BD20715}
	EndGlobalSection
EndGlobal
